
Microsoft Visual Studio Solution File, Format Version 12.00
# Visual Studio 15
VisualStudioVersion = 15.0.28010.2046
MinimumVisualStudioVersion = 10.0.40219.1
Project("{9A19103F-16F7-4668-BE54-9A1E7A4F7556}") = "demo1", "demo1\demo1.csproj", "{0830EF11-0236-471F-8490-47737F6668C5}"
EndProject
Project("{9A19103F-16F7-4668-BE54-9A1E7A4F7556}") = "Demo2SimpleMiddleware", "Demo2SimpleMiddleware\Demo2SimpleMiddleware.csproj", "{A4CD57F5-723B-4B58-9144-9D030478175C}"
EndProject
Project("{2150E333-8FDC-42A3-9474-1A3956D46DE8}") = "readme", "readme", "{A877AAF6-14BE-440D-AA7B-7D47D687C277}"
	ProjectSection(SolutionItems) = preProject
		chatbotlogo.png = chatbotlogo.png
		README.md = README.md
	EndProjectSection
EndProject
Project("{FAE04EC0-301F-11D3-BF4B-00C04F79EFBC}") = "demo3State", "demo3State\demo3State.csproj", "{29B3792C-DAC1-4A38-BD03-3441EEAA109A}"
EndProject
Global
	GlobalSection(SolutionConfigurationPlatforms) = preSolution
		Debug|Any CPU = Debug|Any CPU
		Release|Any CPU = Release|Any CPU
	EndGlobalSection
	GlobalSection(ProjectConfigurationPlatforms) = postSolution
		{0830EF11-0236-471F-8490-47737F6668C5}.Debug|Any CPU.ActiveCfg = Debug|Any CPU
		{0830EF11-0236-471F-8490-47737F6668C5}.Debug|Any CPU.Build.0 = Debug|Any CPU
		{0830EF11-0236-471F-8490-47737F6668C5}.Release|Any CPU.ActiveCfg = Release|Any CPU
		{0830EF11-0236-471F-8490-47737F6668C5}.Release|Any CPU.Build.0 = Release|Any CPU
		{A4CD57F5-723B-4B58-9144-9D030478175C}.Debug|Any CPU.ActiveCfg = Debug|Any CPU
		{A4CD57F5-723B-4B58-9144-9D030478175C}.Debug|Any CPU.Build.0 = Debug|Any CPU
		{A4CD57F5-723B-4B58-9144-9D030478175C}.Release|Any CPU.ActiveCfg = Release|Any CPU
		{A4CD57F5-723B-4B58-9144-9D030478175C}.Release|Any CPU.Build.0 = Release|Any CPU
		{29B3792C-DAC1-4A38-BD03-3441EEAA109A}.Debug|Any CPU.ActiveCfg = Debug|Any CPU
		{29B3792C-DAC1-4A38-BD03-3441EEAA109A}.Debug|Any CPU.Build.0 = Debug|Any CPU
		{29B3792C-DAC1-4A38-BD03-3441EEAA109A}.Release|Any CPU.ActiveCfg = Release|Any CPU
		{29B3792C-DAC1-4A38-BD03-3441EEAA109A}.Release|Any CPU.Build.0 = Release|Any CPU
	EndGlobalSection
	GlobalSection(SolutionProperties) = preSolution
		HideSolutionNode = FALSE
	EndGlobalSection
	GlobalSection(ExtensibilityGlobals) = postSolution
		SolutionGuid = {AAA5163D-1876-4469-8AF9-CEE60C2F8045}
	EndGlobalSection
EndGlobal
